
Microsoft Visual Studio Solution File, Format Version 12.00
# Visual Studio Version 16
VisualStudioVersion = 16.0.30503.244
MinimumVisualStudioVersion = 10.0.40219.1
Project("{FAE04EC0-301F-11D3-BF4B-00C04F79EFBC}") = "Programa02_04", "Programa02_04\Programa02_04.csproj", "{74B0342D-3A1A-4763-84FB-0196C7D07712}"
EndProject
Global
	GlobalSection(SolutionConfigurationPlatforms) = preSolution
		Debug|Any CPU = Debug|Any CPU
		Release|Any CPU = Release|Any CPU
	EndGlobalSection
	GlobalSection(ProjectConfigurationPlatforms) = postSolution
		{74B0342D-3A1A-4763-84FB-0196C7D07712}.Debug|Any CPU.ActiveCfg = Debug|Any CPU
		{74B0342D-3A1A-4763-84FB-0196C7D07712}.Debug|Any CPU.Build.0 = Debug|Any CPU
		{74B0342D-3A1A-4763-84FB-0196C7D07712}.Release|Any CPU.ActiveCfg = Release|Any CPU
		{74B0342D-3A1A-4763-84FB-0196C7D07712}.Release|Any CPU.Build.0 = Release|Any CPU
	EndGlobalSection
	GlobalSection(SolutionProperties) = preSolution
		HideSolutionNode = FALSE
	EndGlobalSection
	GlobalSection(ExtensibilityGlobals) = postSolution
		SolutionGuid = {779333D2-7D3C-4714-863F-79F90AB9B329}
	EndGlobalSection
EndGlobal
