
Microsoft Visual Studio Solution File, Format Version 12.00
# Visual Studio Version 17
VisualStudioVersion = 17.0.32112.339
MinimumVisualStudioVersion = 10.0.40219.1
Project("{FAE04EC0-301F-11D3-BF4B-00C04F79EFBC}") = "Febrero04_Access", "Febrero04_Access\Febrero04_Access.csproj", "{7832758B-3B4E-4A7A-A529-45F0F0DCC240}"
EndProject
Global
	GlobalSection(SolutionConfigurationPlatforms) = preSolution
		Debug|Any CPU = Debug|Any CPU
		Release|Any CPU = Release|Any CPU
	EndGlobalSection
	GlobalSection(ProjectConfigurationPlatforms) = postSolution
		{7832758B-3B4E-4A7A-A529-45F0F0DCC240}.Debug|Any CPU.ActiveCfg = Debug|Any CPU
		{7832758B-3B4E-4A7A-A529-45F0F0DCC240}.Debug|Any CPU.Build.0 = Debug|Any CPU
		{7832758B-3B4E-4A7A-A529-45F0F0DCC240}.Release|Any CPU.ActiveCfg = Release|Any CPU
		{7832758B-3B4E-4A7A-A529-45F0F0DCC240}.Release|Any CPU.Build.0 = Release|Any CPU
	EndGlobalSection
	GlobalSection(SolutionProperties) = preSolution
		HideSolutionNode = FALSE
	EndGlobalSection
	GlobalSection(ExtensibilityGlobals) = postSolution
		SolutionGuid = {74559DBD-5A34-4F0D-BFCD-85A9C6C2C1D4}
	EndGlobalSection
EndGlobal
