
Microsoft Visual Studio Solution File, Format Version 12.00
# Visual Studio Version 16
VisualStudioVersion = 16.0.30503.244
MinimumVisualStudioVersion = 10.0.40219.1
Project("{FAE04EC0-301F-11D3-BF4B-00C04F79EFBC}") = "Ej42-05_02", "Ej42-05_02\Ej42-05_02.csproj", "{A241E7B9-9419-42CE-9927-3897E5934DDB}"
EndProject
Global
	GlobalSection(SolutionConfigurationPlatforms) = preSolution
		Debug|Any CPU = Debug|Any CPU
		Release|Any CPU = Release|Any CPU
	EndGlobalSection
	GlobalSection(ProjectConfigurationPlatforms) = postSolution
		{A241E7B9-9419-42CE-9927-3897E5934DDB}.Debug|Any CPU.ActiveCfg = Debug|Any CPU
		{A241E7B9-9419-42CE-9927-3897E5934DDB}.Debug|Any CPU.Build.0 = Debug|Any CPU
		{A241E7B9-9419-42CE-9927-3897E5934DDB}.Release|Any CPU.ActiveCfg = Release|Any CPU
		{A241E7B9-9419-42CE-9927-3897E5934DDB}.Release|Any CPU.Build.0 = Release|Any CPU
	EndGlobalSection
	GlobalSection(SolutionProperties) = preSolution
		HideSolutionNode = FALSE
	EndGlobalSection
	GlobalSection(ExtensibilityGlobals) = postSolution
		SolutionGuid = {3FE0A99E-895B-40BF-926D-049112535ACD}
	EndGlobalSection
EndGlobal
