
Microsoft Visual Studio Solution File, Format Version 12.00
# Visual Studio Version 16
VisualStudioVersion = 16.0.31829.152
MinimumVisualStudioVersion = 10.0.40219.1
Project("{FAE04EC0-301F-11D3-BF4B-00C04F79EFBC}") = "Ej63-FiltrarNumerosEnterosYDecimales", "Ej63-FiltrarNumerosEnterosYDecimales\Ej63-FiltrarNumerosEnterosYDecimales.csproj", "{D8876BB9-CC23-42CA-BEF3-DB9A5EAEF8BB}"
EndProject
Global
	GlobalSection(SolutionConfigurationPlatforms) = preSolution
		Debug|Any CPU = Debug|Any CPU
		Release|Any CPU = Release|Any CPU
	EndGlobalSection
	GlobalSection(ProjectConfigurationPlatforms) = postSolution
		{D8876BB9-CC23-42CA-BEF3-DB9A5EAEF8BB}.Debug|Any CPU.ActiveCfg = Debug|Any CPU
		{D8876BB9-CC23-42CA-BEF3-DB9A5EAEF8BB}.Debug|Any CPU.Build.0 = Debug|Any CPU
		{D8876BB9-CC23-42CA-BEF3-DB9A5EAEF8BB}.Release|Any CPU.ActiveCfg = Release|Any CPU
		{D8876BB9-CC23-42CA-BEF3-DB9A5EAEF8BB}.Release|Any CPU.Build.0 = Release|Any CPU
	EndGlobalSection
	GlobalSection(SolutionProperties) = preSolution
		HideSolutionNode = FALSE
	EndGlobalSection
	GlobalSection(ExtensibilityGlobals) = postSolution
		SolutionGuid = {BAA73215-F251-4923-B5D5-7D4893C07A6B}
	EndGlobalSection
EndGlobal
