
Microsoft Visual Studio Solution File, Format Version 12.00
# Visual Studio Version 16
VisualStudioVersion = 16.0.31829.152
MinimumVisualStudioVersion = 10.0.40219.1
Project("{FAE04EC0-301F-11D3-BF4B-00C04F79EFBC}") = "Ej52", "Ej50\Ej52.csproj", "{D70B37EA-E3CE-4024-9B87-64BEFF59B2FC}"
EndProject
Global
	GlobalSection(SolutionConfigurationPlatforms) = preSolution
		Debug|Any CPU = Debug|Any CPU
		Release|Any CPU = Release|Any CPU
	EndGlobalSection
	GlobalSection(ProjectConfigurationPlatforms) = postSolution
		{D70B37EA-E3CE-4024-9B87-64BEFF59B2FC}.Debug|Any CPU.ActiveCfg = Debug|Any CPU
		{D70B37EA-E3CE-4024-9B87-64BEFF59B2FC}.Debug|Any CPU.Build.0 = Debug|Any CPU
		{D70B37EA-E3CE-4024-9B87-64BEFF59B2FC}.Release|Any CPU.ActiveCfg = Release|Any CPU
		{D70B37EA-E3CE-4024-9B87-64BEFF59B2FC}.Release|Any CPU.Build.0 = Release|Any CPU
	EndGlobalSection
	GlobalSection(SolutionProperties) = preSolution
		HideSolutionNode = FALSE
	EndGlobalSection
	GlobalSection(ExtensibilityGlobals) = postSolution
		SolutionGuid = {1F721A77-446E-42C6-A4F9-A97394779929}
	EndGlobalSection
EndGlobal
