
Microsoft Visual Studio Solution File, Format Version 12.00
# Visual Studio Version 16
VisualStudioVersion = 16.0.30503.244
MinimumVisualStudioVersion = 10.0.40219.1
Project("{FAE04EC0-301F-11D3-BF4B-00C04F79EFBC}") = "Ej36", "Ej32-03_01A\Ej36.csproj", "{21560C98-8807-4D93-A920-AA2A92DAB0B5}"
EndProject
Global
	GlobalSection(SolutionConfigurationPlatforms) = preSolution
		Debug|Any CPU = Debug|Any CPU
		Release|Any CPU = Release|Any CPU
	EndGlobalSection
	GlobalSection(ProjectConfigurationPlatforms) = postSolution
		{21560C98-8807-4D93-A920-AA2A92DAB0B5}.Debug|Any CPU.ActiveCfg = Debug|Any CPU
		{21560C98-8807-4D93-A920-AA2A92DAB0B5}.Debug|Any CPU.Build.0 = Debug|Any CPU
		{21560C98-8807-4D93-A920-AA2A92DAB0B5}.Release|Any CPU.ActiveCfg = Release|Any CPU
		{21560C98-8807-4D93-A920-AA2A92DAB0B5}.Release|Any CPU.Build.0 = Release|Any CPU
	EndGlobalSection
	GlobalSection(SolutionProperties) = preSolution
		HideSolutionNode = FALSE
	EndGlobalSection
	GlobalSection(ExtensibilityGlobals) = postSolution
		SolutionGuid = {117C1F36-FC9C-4C86-AC7C-2DF7BEF8F05A}
	EndGlobalSection
EndGlobal
