
Microsoft Visual Studio Solution File, Format Version 12.00
# Visual Studio Version 16
VisualStudioVersion = 16.0.31829.152
MinimumVisualStudioVersion = 10.0.40219.1
Project("{FAE04EC0-301F-11D3-BF4B-00C04F79EFBC}") = "ProgWPF01", "ProgWPF01\ProgWPF01.csproj", "{ADB7666D-6C33-4208-98CE-FB47E7FF5090}"
EndProject
Global
	GlobalSection(SolutionConfigurationPlatforms) = preSolution
		Debug|Any CPU = Debug|Any CPU
		Release|Any CPU = Release|Any CPU
	EndGlobalSection
	GlobalSection(ProjectConfigurationPlatforms) = postSolution
		{ADB7666D-6C33-4208-98CE-FB47E7FF5090}.Debug|Any CPU.ActiveCfg = Debug|Any CPU
		{ADB7666D-6C33-4208-98CE-FB47E7FF5090}.Debug|Any CPU.Build.0 = Debug|Any CPU
		{ADB7666D-6C33-4208-98CE-FB47E7FF5090}.Release|Any CPU.ActiveCfg = Release|Any CPU
		{ADB7666D-6C33-4208-98CE-FB47E7FF5090}.Release|Any CPU.Build.0 = Release|Any CPU
	EndGlobalSection
	GlobalSection(SolutionProperties) = preSolution
		HideSolutionNode = FALSE
	EndGlobalSection
	GlobalSection(ExtensibilityGlobals) = postSolution
		SolutionGuid = {E6C5AB31-766F-45C5-B8F6-B51174A1F797}
	EndGlobalSection
EndGlobal
