
Microsoft Visual Studio Solution File, Format Version 12.00
# Visual Studio Version 16
VisualStudioVersion = 16.0.31829.152
MinimumVisualStudioVersion = 10.0.40219.1
Project("{FAE04EC0-301F-11D3-BF4B-00C04F79EFBC}") = "Ej48", "Ej48\Ej48.csproj", "{C8B924CF-369D-444D-8897-7291F8A4FDCD}"
EndProject
Project("{2150E333-8FDC-42A3-9474-1A3956D46DE8}") = "Solution Items", "Solution Items", "{ABC11572-94A3-48C1-A53C-D81EC87E269C}"
	ProjectSection(SolutionItems) = preProject
		Bitmap1.bmp = Bitmap1.bmp
	EndProjectSection
EndProject
Global
	GlobalSection(SolutionConfigurationPlatforms) = preSolution
		Debug|Any CPU = Debug|Any CPU
		Release|Any CPU = Release|Any CPU
	EndGlobalSection
	GlobalSection(ProjectConfigurationPlatforms) = postSolution
		{C8B924CF-369D-444D-8897-7291F8A4FDCD}.Debug|Any CPU.ActiveCfg = Debug|Any CPU
		{C8B924CF-369D-444D-8897-7291F8A4FDCD}.Debug|Any CPU.Build.0 = Debug|Any CPU
		{C8B924CF-369D-444D-8897-7291F8A4FDCD}.Release|Any CPU.ActiveCfg = Release|Any CPU
		{C8B924CF-369D-444D-8897-7291F8A4FDCD}.Release|Any CPU.Build.0 = Release|Any CPU
	EndGlobalSection
	GlobalSection(SolutionProperties) = preSolution
		HideSolutionNode = FALSE
	EndGlobalSection
	GlobalSection(ExtensibilityGlobals) = postSolution
		SolutionGuid = {4F693F85-49F0-473B-929F-7873BA50E3C5}
	EndGlobalSection
EndGlobal
