
Microsoft Visual Studio Solution File, Format Version 12.00
# Visual Studio Version 16
VisualStudioVersion = 16.0.30503.244
MinimumVisualStudioVersion = 10.0.40219.1
Project("{FAE04EC0-301F-11D3-BF4B-00C04F79EFBC}") = "Programa01_01", "Programa01_01\Programa01_01.csproj", "{38A3B391-8450-42B1-A14F-8683CF3D233A}"
EndProject
Project("{FAE04EC0-301F-11D3-BF4B-00C04F79EFBC}") = "Prueba", "Prueba\Prueba.csproj", "{A6E09DE6-F54A-4016-8668-7AA6355BE075}"
EndProject
Global
	GlobalSection(SolutionConfigurationPlatforms) = preSolution
		Debug|Any CPU = Debug|Any CPU
		Release|Any CPU = Release|Any CPU
	EndGlobalSection
	GlobalSection(ProjectConfigurationPlatforms) = postSolution
		{38A3B391-8450-42B1-A14F-8683CF3D233A}.Debug|Any CPU.ActiveCfg = Debug|Any CPU
		{38A3B391-8450-42B1-A14F-8683CF3D233A}.Debug|Any CPU.Build.0 = Debug|Any CPU
		{38A3B391-8450-42B1-A14F-8683CF3D233A}.Release|Any CPU.ActiveCfg = Release|Any CPU
		{38A3B391-8450-42B1-A14F-8683CF3D233A}.Release|Any CPU.Build.0 = Release|Any CPU
		{A6E09DE6-F54A-4016-8668-7AA6355BE075}.Debug|Any CPU.ActiveCfg = Debug|Any CPU
		{A6E09DE6-F54A-4016-8668-7AA6355BE075}.Debug|Any CPU.Build.0 = Debug|Any CPU
		{A6E09DE6-F54A-4016-8668-7AA6355BE075}.Release|Any CPU.ActiveCfg = Release|Any CPU
		{A6E09DE6-F54A-4016-8668-7AA6355BE075}.Release|Any CPU.Build.0 = Release|Any CPU
	EndGlobalSection
	GlobalSection(SolutionProperties) = preSolution
		HideSolutionNode = FALSE
	EndGlobalSection
	GlobalSection(ExtensibilityGlobals) = postSolution
		SolutionGuid = {076082F3-5C9A-4E61-840B-53548FAC917F}
	EndGlobalSection
EndGlobal
